
Microsoft Visual Studio Solution File, Format Version 12.00
# Visual Studio Version 17
VisualStudioVersion = 17.7.34024.191
MinimumVisualStudioVersion = 10.0.40219.1
Project("{FAE04EC0-301F-11D3-BF4B-00C04F79EFBC}") = "ServerWeather", "ServerWeather\ServerWeather.csproj", "{7BB45A54-DA24-4B1A-9FA5-99ED588EA9DA}"
EndProject
Global
	GlobalSection(SolutionConfigurationPlatforms) = preSolution
		Debug|Any CPU = Debug|Any CPU
		Release|Any CPU = Release|Any CPU
	EndGlobalSection
	GlobalSection(ProjectConfigurationPlatforms) = postSolution
		{7BB45A54-DA24-4B1A-9FA5-99ED588EA9DA}.Debug|Any CPU.ActiveCfg = Debug|Any CPU
		{7BB45A54-DA24-4B1A-9FA5-99ED588EA9DA}.Debug|Any CPU.Build.0 = Debug|Any CPU
		{7BB45A54-DA24-4B1A-9FA5-99ED588EA9DA}.Release|Any CPU.ActiveCfg = Release|Any CPU
		{7BB45A54-DA24-4B1A-9FA5-99ED588EA9DA}.Release|Any CPU.Build.0 = Release|Any CPU
	EndGlobalSection
	GlobalSection(SolutionProperties) = preSolution
		HideSolutionNode = FALSE
	EndGlobalSection
	GlobalSection(ExtensibilityGlobals) = postSolution
		SolutionGuid = {2A79FA40-1B96-44F1-84A4-8B73B70B8276}
	EndGlobalSection
EndGlobal
